
Microsoft Visual Studio Solution File, Format Version 12.00
# Visual Studio Version 17
VisualStudioVersion = 17.1.32421.90
MinimumVisualStudioVersion = 10.0.40219.1
Project("{FAE04EC0-301F-11D3-BF4B-00C04F79EFBC}") = "Session02", "Session02\Session02.csproj", "{BEA39930-CC3E-4BD0-994D-F63444ABE59B}"
EndProject
Global
	GlobalSection(SolutionConfigurationPlatforms) = preSolution
		Debug|Any CPU = Debug|Any CPU
		Release|Any CPU = Release|Any CPU
	EndGlobalSection
	GlobalSection(ProjectConfigurationPlatforms) = postSolution
		{BEA39930-CC3E-4BD0-994D-F63444ABE59B}.Debug|Any CPU.ActiveCfg = Debug|Any CPU
		{BEA39930-CC3E-4BD0-994D-F63444ABE59B}.Debug|Any CPU.Build.0 = Debug|Any CPU
		{BEA39930-CC3E-4BD0-994D-F63444ABE59B}.Release|Any CPU.ActiveCfg = Release|Any CPU
		{BEA39930-CC3E-4BD0-994D-F63444ABE59B}.Release|Any CPU.Build.0 = Release|Any CPU
	EndGlobalSection
	GlobalSection(SolutionProperties) = preSolution
		HideSolutionNode = FALSE
	EndGlobalSection
	GlobalSection(ExtensibilityGlobals) = postSolution
		SolutionGuid = {33697A26-02EC-4844-9C95-82FFBF18678C}
	EndGlobalSection
EndGlobal
